
Microsoft Visual Studio Solution File, Format Version 12.00
# Visual Studio 15
Project("{FAE04EC0-301F-11D3-BF4B-00C04F79EFBC}") = "Assembly-CSharp-firstpass", "Assembly-CSharp-firstpass.csproj", "{CA2CE454-3D1E-7887-14F8-CC850D795611}"
EndProject
Project("{FAE04EC0-301F-11D3-BF4B-00C04F79EFBC}") = "Assembly-CSharp-Editor-firstpass", "Assembly-CSharp-Editor-firstpass.csproj", "{1C68F8C2-46FD-4CE2-4CB9-F3C1A21D7CBA}"
EndProject
Project("{FAE04EC0-301F-11D3-BF4B-00C04F79EFBC}") = "Assembly-CSharp", "Assembly-CSharp.csproj", "{40E08D12-8979-76EA-2D86-0DD4B9D56C9C}"
EndProject
Project("{FAE04EC0-301F-11D3-BF4B-00C04F79EFBC}") = "Assembly-CSharp-Editor", "Assembly-CSharp-Editor.csproj", "{A78E9B5B-F5F2-2E0C-9593-6C2E778ACB71}"
EndProject
Global
	GlobalSection(SolutionConfigurationPlatforms) = preSolution
		Debug|Any CPU = Debug|Any CPU
		Release|Any CPU = Release|Any CPU
	EndGlobalSection
	GlobalSection(ProjectConfigurationPlatforms) = postSolution
		{CA2CE454-3D1E-7887-14F8-CC850D795611}.Debug|Any CPU.ActiveCfg = Debug|Any CPU
		{CA2CE454-3D1E-7887-14F8-CC850D795611}.Debug|Any CPU.Build.0 = Debug|Any CPU
		{CA2CE454-3D1E-7887-14F8-CC850D795611}.Release|Any CPU.ActiveCfg = Release|Any CPU
		{CA2CE454-3D1E-7887-14F8-CC850D795611}.Release|Any CPU.Build.0 = Release|Any CPU
		{1C68F8C2-46FD-4CE2-4CB9-F3C1A21D7CBA}.Debug|Any CPU.ActiveCfg = Debug|Any CPU
		{1C68F8C2-46FD-4CE2-4CB9-F3C1A21D7CBA}.Debug|Any CPU.Build.0 = Debug|Any CPU
		{1C68F8C2-46FD-4CE2-4CB9-F3C1A21D7CBA}.Release|Any CPU.ActiveCfg = Release|Any CPU
		{1C68F8C2-46FD-4CE2-4CB9-F3C1A21D7CBA}.Release|Any CPU.Build.0 = Release|Any CPU
		{40E08D12-8979-76EA-2D86-0DD4B9D56C9C}.Debug|Any CPU.ActiveCfg = Debug|Any CPU
		{40E08D12-8979-76EA-2D86-0DD4B9D56C9C}.Debug|Any CPU.Build.0 = Debug|Any CPU
		{40E08D12-8979-76EA-2D86-0DD4B9D56C9C}.Release|Any CPU.ActiveCfg = Release|Any CPU
		{40E08D12-8979-76EA-2D86-0DD4B9D56C9C}.Release|Any CPU.Build.0 = Release|Any CPU
		{A78E9B5B-F5F2-2E0C-9593-6C2E778ACB71}.Debug|Any CPU.ActiveCfg = Debug|Any CPU
		{A78E9B5B-F5F2-2E0C-9593-6C2E778ACB71}.Debug|Any CPU.Build.0 = Debug|Any CPU
		{A78E9B5B-F5F2-2E0C-9593-6C2E778ACB71}.Release|Any CPU.ActiveCfg = Release|Any CPU
		{A78E9B5B-F5F2-2E0C-9593-6C2E778ACB71}.Release|Any CPU.Build.0 = Release|Any CPU
	EndGlobalSection
	GlobalSection(SolutionProperties) = preSolution
		HideSolutionNode = FALSE
	EndGlobalSection
EndGlobal
